
Microsoft Visual Studio Solution File, Format Version 12.00
Project("{FAE04EC0-301F-11D3-BF4B-00C04F79EFBC}") = "Sharplet.Samplekubelet", "Sharplet.Samplekubelet\Sharplet.Samplekubelet.csproj", "{8FB53937-2F3F-4A4E-AC2D-4165C350ACEC}"
EndProject
Project("{FAE04EC0-301F-11D3-BF4B-00C04F79EFBC}") = "Sharplet.Abstractions", "Sharplet.Abstractions\Sharplet.Abstractions.csproj", "{3F644997-F22A-414A-95A9-F5E8EC2F5F6A}"
EndProject
Project("{FAE04EC0-301F-11D3-BF4B-00C04F79EFBC}") = "Sharplet.Provider.Mock", "Sharplet.Provider.Mock\Sharplet.Provider.Mock.csproj", "{41AF56E2-982B-44FA-9573-2ED22685ECE9}"
EndProject
Project("{FAE04EC0-301F-11D3-BF4B-00C04F79EFBC}") = "Sharplet.Core", "Sharplet.Core\Sharplet.Core.csproj", "{BA4AF96F-0937-4BD0-9DE1-D226F451C8E0}"
EndProject
Project("{FAE04EC0-301F-11D3-BF4B-00C04F79EFBC}") = "Sharplet.CSR", "Sharplet.CSR\Sharplet.CSR.csproj", "{3DC13766-BA2E-4992-9668-F542B5820029}"
EndProject
Project("{2150E333-8FDC-42A3-9474-1A3956D46DE8}") = "implementation", "implementation", "{DB12FAA1-9369-4926-95E8-98319BDADF54}"
EndProject
Project("{2150E333-8FDC-42A3-9474-1A3956D46DE8}") = "library", "library", "{6A412389-F761-43A1-AFEA-0ED4658669E7}"
EndProject
Project("{2150E333-8FDC-42A3-9474-1A3956D46DE8}") = "providers", "providers", "{64B28588-82C7-4637-8282-8C47903EEAEA}"
EndProject
Project("{2150E333-8FDC-42A3-9474-1A3956D46DE8}") = "tools", "tools", "{BAE17C42-8F83-4B3A-AF3F-74D2924277B1}"
EndProject
Global
	GlobalSection(SolutionConfigurationPlatforms) = preSolution
		Debug|Any CPU = Debug|Any CPU
		Release|Any CPU = Release|Any CPU
	EndGlobalSection
	GlobalSection(ProjectConfigurationPlatforms) = postSolution
		{8FB53937-2F3F-4A4E-AC2D-4165C350ACEC}.Debug|Any CPU.ActiveCfg = Debug|Any CPU
		{8FB53937-2F3F-4A4E-AC2D-4165C350ACEC}.Debug|Any CPU.Build.0 = Debug|Any CPU
		{8FB53937-2F3F-4A4E-AC2D-4165C350ACEC}.Release|Any CPU.ActiveCfg = Release|Any CPU
		{8FB53937-2F3F-4A4E-AC2D-4165C350ACEC}.Release|Any CPU.Build.0 = Release|Any CPU
		{3F644997-F22A-414A-95A9-F5E8EC2F5F6A}.Debug|Any CPU.ActiveCfg = Debug|Any CPU
		{3F644997-F22A-414A-95A9-F5E8EC2F5F6A}.Debug|Any CPU.Build.0 = Debug|Any CPU
		{3F644997-F22A-414A-95A9-F5E8EC2F5F6A}.Release|Any CPU.ActiveCfg = Release|Any CPU
		{3F644997-F22A-414A-95A9-F5E8EC2F5F6A}.Release|Any CPU.Build.0 = Release|Any CPU
		{41AF56E2-982B-44FA-9573-2ED22685ECE9}.Debug|Any CPU.ActiveCfg = Debug|Any CPU
		{41AF56E2-982B-44FA-9573-2ED22685ECE9}.Debug|Any CPU.Build.0 = Debug|Any CPU
		{41AF56E2-982B-44FA-9573-2ED22685ECE9}.Release|Any CPU.ActiveCfg = Release|Any CPU
		{41AF56E2-982B-44FA-9573-2ED22685ECE9}.Release|Any CPU.Build.0 = Release|Any CPU
		{BA4AF96F-0937-4BD0-9DE1-D226F451C8E0}.Debug|Any CPU.ActiveCfg = Debug|Any CPU
		{BA4AF96F-0937-4BD0-9DE1-D226F451C8E0}.Debug|Any CPU.Build.0 = Debug|Any CPU
		{BA4AF96F-0937-4BD0-9DE1-D226F451C8E0}.Release|Any CPU.ActiveCfg = Release|Any CPU
		{BA4AF96F-0937-4BD0-9DE1-D226F451C8E0}.Release|Any CPU.Build.0 = Release|Any CPU
		{3DC13766-BA2E-4992-9668-F542B5820029}.Debug|Any CPU.ActiveCfg = Debug|Any CPU
		{3DC13766-BA2E-4992-9668-F542B5820029}.Debug|Any CPU.Build.0 = Debug|Any CPU
		{3DC13766-BA2E-4992-9668-F542B5820029}.Release|Any CPU.ActiveCfg = Release|Any CPU
		{3DC13766-BA2E-4992-9668-F542B5820029}.Release|Any CPU.Build.0 = Release|Any CPU
	EndGlobalSection
	GlobalSection(NestedProjects) = preSolution
		{8FB53937-2F3F-4A4E-AC2D-4165C350ACEC} = {DB12FAA1-9369-4926-95E8-98319BDADF54}
		{3F644997-F22A-414A-95A9-F5E8EC2F5F6A} = {6A412389-F761-43A1-AFEA-0ED4658669E7}
		{BA4AF96F-0937-4BD0-9DE1-D226F451C8E0} = {6A412389-F761-43A1-AFEA-0ED4658669E7}
		{41AF56E2-982B-44FA-9573-2ED22685ECE9} = {64B28588-82C7-4637-8282-8C47903EEAEA}
		{3DC13766-BA2E-4992-9668-F542B5820029} = {BAE17C42-8F83-4B3A-AF3F-74D2924277B1}
	EndGlobalSection
EndGlobal
